
Microsoft Visual Studio Solution File, Format Version 12.00
# Visual Studio Version 17
VisualStudioVersion = 17.0.31903.59
MinimumVisualStudioVersion = 10.0.40219.1
Project("{FAE04EC0-301F-11D3-BF4B-00C04F79EFBC}") = "API", "API\API.csproj", "{CD6F90DF-9565-4765-947D-599863FD5A47}"
EndProject
Project("{FAE04EC0-301F-11D3-BF4B-00C04F79EFBC}") = "Application", "Application\Application.csproj", "{461E02F0-BEB5-464A-BF85-A2DB635D8CD9}"
EndProject
Project("{FAE04EC0-301F-11D3-BF4B-00C04F79EFBC}") = "Domain", "Domain\Domain.csproj", "{D00C5C70-FC76-4AFA-A373-99646C69FE9C}"
EndProject
Project("{FAE04EC0-301F-11D3-BF4B-00C04F79EFBC}") = "Persistence", "Persistence\Persistence.csproj", "{2D902D29-1F20-47EF-A03C-980F94BE1066}"
EndProject
Global
	GlobalSection(SolutionConfigurationPlatforms) = preSolution
		Debug|Any CPU = Debug|Any CPU
		Debug|x64 = Debug|x64
		Debug|x86 = Debug|x86
		Release|Any CPU = Release|Any CPU
		Release|x64 = Release|x64
		Release|x86 = Release|x86
	EndGlobalSection
	GlobalSection(ProjectConfigurationPlatforms) = postSolution
		{CD6F90DF-9565-4765-947D-599863FD5A47}.Debug|Any CPU.ActiveCfg = Debug|Any CPU
		{CD6F90DF-9565-4765-947D-599863FD5A47}.Debug|Any CPU.Build.0 = Debug|Any CPU
		{CD6F90DF-9565-4765-947D-599863FD5A47}.Debug|x64.ActiveCfg = Debug|Any CPU
		{CD6F90DF-9565-4765-947D-599863FD5A47}.Debug|x64.Build.0 = Debug|Any CPU
		{CD6F90DF-9565-4765-947D-599863FD5A47}.Debug|x86.ActiveCfg = Debug|Any CPU
		{CD6F90DF-9565-4765-947D-599863FD5A47}.Debug|x86.Build.0 = Debug|Any CPU
		{CD6F90DF-9565-4765-947D-599863FD5A47}.Release|Any CPU.ActiveCfg = Release|Any CPU
		{CD6F90DF-9565-4765-947D-599863FD5A47}.Release|Any CPU.Build.0 = Release|Any CPU
		{CD6F90DF-9565-4765-947D-599863FD5A47}.Release|x64.ActiveCfg = Release|Any CPU
		{CD6F90DF-9565-4765-947D-599863FD5A47}.Release|x64.Build.0 = Release|Any CPU
		{CD6F90DF-9565-4765-947D-599863FD5A47}.Release|x86.ActiveCfg = Release|Any CPU
		{CD6F90DF-9565-4765-947D-599863FD5A47}.Release|x86.Build.0 = Release|Any CPU
		{461E02F0-BEB5-464A-BF85-A2DB635D8CD9}.Debug|Any CPU.ActiveCfg = Debug|Any CPU
		{461E02F0-BEB5-464A-BF85-A2DB635D8CD9}.Debug|Any CPU.Build.0 = Debug|Any CPU
		{461E02F0-BEB5-464A-BF85-A2DB635D8CD9}.Debug|x64.ActiveCfg = Debug|Any CPU
		{461E02F0-BEB5-464A-BF85-A2DB635D8CD9}.Debug|x64.Build.0 = Debug|Any CPU
		{461E02F0-BEB5-464A-BF85-A2DB635D8CD9}.Debug|x86.ActiveCfg = Debug|Any CPU
		{461E02F0-BEB5-464A-BF85-A2DB635D8CD9}.Debug|x86.Build.0 = Debug|Any CPU
		{461E02F0-BEB5-464A-BF85-A2DB635D8CD9}.Release|Any CPU.ActiveCfg = Release|Any CPU
		{461E02F0-BEB5-464A-BF85-A2DB635D8CD9}.Release|Any CPU.Build.0 = Release|Any CPU
		{461E02F0-BEB5-464A-BF85-A2DB635D8CD9}.Release|x64.ActiveCfg = Release|Any CPU
		{461E02F0-BEB5-464A-BF85-A2DB635D8CD9}.Release|x64.Build.0 = Release|Any CPU
		{461E02F0-BEB5-464A-BF85-A2DB635D8CD9}.Release|x86.ActiveCfg = Release|Any CPU
		{461E02F0-BEB5-464A-BF85-A2DB635D8CD9}.Release|x86.Build.0 = Release|Any CPU
		{D00C5C70-FC76-4AFA-A373-99646C69FE9C}.Debug|Any CPU.ActiveCfg = Debug|Any CPU
		{D00C5C70-FC76-4AFA-A373-99646C69FE9C}.Debug|Any CPU.Build.0 = Debug|Any CPU
		{D00C5C70-FC76-4AFA-A373-99646C69FE9C}.Debug|x64.ActiveCfg = Debug|Any CPU
		{D00C5C70-FC76-4AFA-A373-99646C69FE9C}.Debug|x64.Build.0 = Debug|Any CPU
		{D00C5C70-FC76-4AFA-A373-99646C69FE9C}.Debug|x86.ActiveCfg = Debug|Any CPU
		{D00C5C70-FC76-4AFA-A373-99646C69FE9C}.Debug|x86.Build.0 = Debug|Any CPU
		{D00C5C70-FC76-4AFA-A373-99646C69FE9C}.Release|Any CPU.ActiveCfg = Release|Any CPU
		{D00C5C70-FC76-4AFA-A373-99646C69FE9C}.Release|Any CPU.Build.0 = Release|Any CPU
		{D00C5C70-FC76-4AFA-A373-99646C69FE9C}.Release|x64.ActiveCfg = Release|Any CPU
		{D00C5C70-FC76-4AFA-A373-99646C69FE9C}.Release|x64.Build.0 = Release|Any CPU
		{D00C5C70-FC76-4AFA-A373-99646C69FE9C}.Release|x86.ActiveCfg = Release|Any CPU
		{D00C5C70-FC76-4AFA-A373-99646C69FE9C}.Release|x86.Build.0 = Release|Any CPU
		{2D902D29-1F20-47EF-A03C-980F94BE1066}.Debug|Any CPU.ActiveCfg = Debug|Any CPU
		{2D902D29-1F20-47EF-A03C-980F94BE1066}.Debug|Any CPU.Build.0 = Debug|Any CPU
		{2D902D29-1F20-47EF-A03C-980F94BE1066}.Debug|x64.ActiveCfg = Debug|Any CPU
		{2D902D29-1F20-47EF-A03C-980F94BE1066}.Debug|x64.Build.0 = Debug|Any CPU
		{2D902D29-1F20-47EF-A03C-980F94BE1066}.Debug|x86.ActiveCfg = Debug|Any CPU
		{2D902D29-1F20-47EF-A03C-980F94BE1066}.Debug|x86.Build.0 = Debug|Any CPU
		{2D902D29-1F20-47EF-A03C-980F94BE1066}.Release|Any CPU.ActiveCfg = Release|Any CPU
		{2D902D29-1F20-47EF-A03C-980F94BE1066}.Release|Any CPU.Build.0 = Release|Any CPU
		{2D902D29-1F20-47EF-A03C-980F94BE1066}.Release|x64.ActiveCfg = Release|Any CPU
		{2D902D29-1F20-47EF-A03C-980F94BE1066}.Release|x64.Build.0 = Release|Any CPU
		{2D902D29-1F20-47EF-A03C-980F94BE1066}.Release|x86.ActiveCfg = Release|Any CPU
		{2D902D29-1F20-47EF-A03C-980F94BE1066}.Release|x86.Build.0 = Release|Any CPU
	EndGlobalSection
	GlobalSection(SolutionProperties) = preSolution
		HideSolutionNode = FALSE
	EndGlobalSection
EndGlobal
